
Microsoft Visual Studio Solution File, Format Version 12.00
# Visual Studio Version 17
VisualStudioVersion = 17.0.31903.59
MinimumVisualStudioVersion = 10.0.40219.1
Project("{FAE04EC0-301F-11D3-BF4B-00C04F79EFBC}") = "BasicAndJwtAuthenticationTogether", ".\Basic-and-JWT-authentication-together\BasicAndJwtAuthenticationTogether.csproj", "{E1ABF7A3-6A1D-412D-AD53-9EB05400EDFC}"
EndProject
Global
	GlobalSection(SolutionConfigurationPlatforms) = preSolution
		Debug|Any CPU = Debug|Any CPU
		Release|Any CPU = Release|Any CPU
	EndGlobalSection
	GlobalSection(SolutionProperties) = preSolution
		HideSolutionNode = FALSE
	EndGlobalSection
	GlobalSection(ProjectConfigurationPlatforms) = postSolution
		{E1ABF7A3-6A1D-412D-AD53-9EB05400EDFC}.Debug|Any CPU.ActiveCfg = Debug|Any CPU
		{E1ABF7A3-6A1D-412D-AD53-9EB05400EDFC}.Debug|Any CPU.Build.0 = Debug|Any CPU
		{E1ABF7A3-6A1D-412D-AD53-9EB05400EDFC}.Release|Any CPU.ActiveCfg = Release|Any CPU
		{E1ABF7A3-6A1D-412D-AD53-9EB05400EDFC}.Release|Any CPU.Build.0 = Release|Any CPU
	EndGlobalSection
EndGlobal
